{
  "object": {
    "pins": [
      {
        "package": "Alamofire",
        "repositoryURL": "https://github.com/Alamofire/Alamofire",
        "state": {
          "branch": null,
          "revision": "fca036f7aeca07124067cb6e0c12b0ad6359e3d4",
          "version": "5.1.0"
        }
      },
      {
        "package": "R.swift.Library",
        "repositoryURL": "https://github.com/mac-cain13/R.swift.Library",
        "state": {
          "branch": null,
          "revision": "5a54805e3d08077e46edb2274ff27b20b700f568",
          "version": "5.2.0"
        }
      },
      {
        "package": "RxSwift",
        "repositoryURL": "https://github.com/ReactiveX/RxSwift",
        "state": {
          "branch": null,
          "revision": "002d325b0bdee94e7882e1114af5ff4fe1e96afa",
          "version": "5.1.1"
        }
      },
      {
        "package": "RxSwiftExt",
        "repositoryURL": "https://github.com/RxSwiftCommunity/RxSwiftExt",
        "state": {
          "branch": null,
          "revision": "9620cd55a58c1cf3370375140c45379c40049f55",
          "version": "5.2.0"
        }
      },
      {
        "package": "SnapKit",
        "repositoryURL": "https://github.com/SnapKit/SnapKit",
        "state": {
          "branch": null,
          "revision": "d458564516e5676af9c70b4f4b2a9178294f1bc6",
          "version": "5.0.1"
        }
      },
      {
        "package": "SwiftRichString",
        "repositoryURL": "https://github.com/malcommac/SwiftRichString.git",
        "state": {
          "branch": null,
          "revision": "d2fd671674a86cd53afdaf2485f4575ce92e4da6",
          "version": "3.7.1"
        }
      },
      {
        "package": "SwiftyBeaver",
        "repositoryURL": "https://github.com/SwiftyBeaver/SwiftyBeaver",
        "state": {
          "branch": null,
          "revision": "97477264cd683a387e80fc2f9b0f0e8db8070ed2",
          "version": "1.9.0"
        }
      },
      {
        "package": "TEQNetwork",
        "repositoryURL": "ssh://git@git.teqnological.asia:10022/iOS/teqnetwork.git",
        "state": {
          "branch": "feature/v2",
          "revision": "3b66f429d88af7f804dae45805f27189384f1586",
          "version": null
        }
      },
      {
        "package": "Then",
        "repositoryURL": "https://github.com/devxoul/Then",
        "state": {
          "branch": null,
          "revision": "6792b283705e65385a203ed5793fa269bc1221bf",
          "version": "2.6.0"
        }
      }
    ]
  },
  "version": 1
}
