// !$*UTF8*$!
{
	archiveVersion = 1;
	classes = {
	};
	objectVersion = 52;
	objects = {

/* Begin PBXBuildFile section */
		3B06DC8F2446D9A300F467A7 /* AnyEncodable.swift in Sources */ = {isa = PBXBuildFile; fileRef = 3B06DC8E2446D9A300F467A7 /* AnyEncodable.swift */; };
		3B06DC912446D9B800F467A7 /* URLRequest+Ext.swift in Sources */ = {isa = PBXBuildFile; fileRef = 3B06DC902446D9B800F467A7 /* URLRequest+Ext.swift */; };
		3B06DC932446D9CE00F467A7 /* Data+Ext.swift in Sources */ = {isa = PBXBuildFile; fileRef = 3B06DC922446D9CE00F467A7 /* Data+Ext.swift */; };
		3B06DC962446DA5100F467A7 /* ConcurrentOperation.swift in Sources */ = {isa = PBXBuildFile; fileRef = 3B06DC952446DA5100F467A7 /* ConcurrentOperation.swift */; };
		3B06DC982446DA6900F467A7 /* RequestOperation.swift in Sources */ = {isa = PBXBuildFile; fileRef = 3B06DC972446DA6900F467A7 /* RequestOperation.swift */; };
		3B06DC9A2446DBBE00F467A7 /* DownloadManager.swift in Sources */ = {isa = PBXBuildFile; fileRef = 3B06DC992446DBBE00F467A7 /* DownloadManager.swift */; };
		3B2B6C95244557720098F00F /* MoviesService.swift in Sources */ = {isa = PBXBuildFile; fileRef = 3B2B6C94244557720098F00F /* MoviesService.swift */; };
		3B2B6C98244559E10098F00F /* Trending.swift in Sources */ = {isa = PBXBuildFile; fileRef = 3B2B6C97244559E10098F00F /* Trending.swift */; };
		3B2B6C9A244565740098F00F /* NetworkLogger.swift in Sources */ = {isa = PBXBuildFile; fileRef = 3B2B6C99244565740098F00F /* NetworkLogger.swift */; };
		3B2B6C9C244567A60098F00F /* AlamofirePackage.swift in Sources */ = {isa = PBXBuildFile; fileRef = 3B2B6C9B244567A60098F00F /* AlamofirePackage.swift */; };
		3B2B6C9F244585340098F00F /* NetworkConfig+Ext.swift in Sources */ = {isa = PBXBuildFile; fileRef = 3B2B6C9E244585340098F00F /* NetworkConfig+Ext.swift */; };
		3B2B6CA12445904B0098F00F /* NetworkConfig.swift in Sources */ = {isa = PBXBuildFile; fileRef = 3B2B6CA02445904B0098F00F /* NetworkConfig.swift */; };
		3B42909E2444ADCB0075E1E3 /* RatedCell.swift in Sources */ = {isa = PBXBuildFile; fileRef = 3B42909C2444ADCB0075E1E3 /* RatedCell.swift */; };
		3B42909F2444ADCB0075E1E3 /* RatedCell.xib in Resources */ = {isa = PBXBuildFile; fileRef = 3B42909D2444ADCB0075E1E3 /* RatedCell.xib */; };
		3B4290A12444B90D0075E1E3 /* Task.swift in Sources */ = {isa = PBXBuildFile; fileRef = 3B4290A02444B90D0075E1E3 /* Task.swift */; };
		3B4290A52444BB060075E1E3 /* NetworkError.swift in Sources */ = {isa = PBXBuildFile; fileRef = 3B4290A42444BB060075E1E3 /* NetworkError.swift */; };
		3B4290A72444BBA10075E1E3 /* Response.swift in Sources */ = {isa = PBXBuildFile; fileRef = 3B4290A62444BBA10075E1E3 /* Response.swift */; };
		3B4290A92444BDC10075E1E3 /* Endpoint.swift in Sources */ = {isa = PBXBuildFile; fileRef = 3B4290A82444BDC10075E1E3 /* Endpoint.swift */; };
		3B45280B24406565009FAC84 /* LaunchScreen.storyboard in Resources */ = {isa = PBXBuildFile; fileRef = 3B45280A24406565009FAC84 /* LaunchScreen.storyboard */; };
		3B45281424406960009FAC84 /* Onboard.storyboard in Resources */ = {isa = PBXBuildFile; fileRef = 3B45280D24406960009FAC84 /* Onboard.storyboard */; };
		3B45281524406960009FAC84 /* OnboardInterfaces.swift in Sources */ = {isa = PBXBuildFile; fileRef = 3B45280E24406960009FAC84 /* OnboardInterfaces.swift */; };
		3B45281624406960009FAC84 /* OnboardPresenter.swift in Sources */ = {isa = PBXBuildFile; fileRef = 3B45280F24406960009FAC84 /* OnboardPresenter.swift */; };
		3B45281724406960009FAC84 /* OnboardViewController.swift in Sources */ = {isa = PBXBuildFile; fileRef = 3B45281024406960009FAC84 /* OnboardViewController.swift */; };
		3B45281924406960009FAC84 /* OnboardInteractor.swift in Sources */ = {isa = PBXBuildFile; fileRef = 3B45281224406960009FAC84 /* OnboardInteractor.swift */; };
		3B45281A24406960009FAC84 /* OnboardWireframe.swift in Sources */ = {isa = PBXBuildFile; fileRef = 3B45281324406960009FAC84 /* OnboardWireframe.swift */; };
		3B75B9B924441DFA00219CE4 /* Movies.storyboard in Resources */ = {isa = PBXBuildFile; fileRef = 3B75B9B324441DFA00219CE4 /* Movies.storyboard */; };
		3B75B9BA24441DFA00219CE4 /* MoviesInterfaces.swift in Sources */ = {isa = PBXBuildFile; fileRef = 3B75B9B424441DFA00219CE4 /* MoviesInterfaces.swift */; };
		3B75B9BB24441DFA00219CE4 /* MoviesPresenter.swift in Sources */ = {isa = PBXBuildFile; fileRef = 3B75B9B524441DFA00219CE4 /* MoviesPresenter.swift */; };
		3B75B9BC24441DFA00219CE4 /* MoviesViewController.swift in Sources */ = {isa = PBXBuildFile; fileRef = 3B75B9B624441DFA00219CE4 /* MoviesViewController.swift */; };
		3B75B9BD24441DFA00219CE4 /* MoviesInteractor.swift in Sources */ = {isa = PBXBuildFile; fileRef = 3B75B9B724441DFA00219CE4 /* MoviesInteractor.swift */; };
		3B75B9BE24441DFA00219CE4 /* MoviesWireframe.swift in Sources */ = {isa = PBXBuildFile; fileRef = 3B75B9B824441DFA00219CE4 /* MoviesWireframe.swift */; };
		3B75B9C524441E0700219CE4 /* TV.storyboard in Resources */ = {isa = PBXBuildFile; fileRef = 3B75B9BF24441E0700219CE4 /* TV.storyboard */; };
		3B75B9C624441E0700219CE4 /* TVInterfaces.swift in Sources */ = {isa = PBXBuildFile; fileRef = 3B75B9C024441E0700219CE4 /* TVInterfaces.swift */; };
		3B75B9C724441E0700219CE4 /* TVPresenter.swift in Sources */ = {isa = PBXBuildFile; fileRef = 3B75B9C124441E0700219CE4 /* TVPresenter.swift */; };
		3B75B9C824441E0700219CE4 /* TVViewController.swift in Sources */ = {isa = PBXBuildFile; fileRef = 3B75B9C224441E0700219CE4 /* TVViewController.swift */; };
		3B75B9C924441E0700219CE4 /* TVInteractor.swift in Sources */ = {isa = PBXBuildFile; fileRef = 3B75B9C324441E0700219CE4 /* TVInteractor.swift */; };
		3B75B9CA24441E0700219CE4 /* TVWireframe.swift in Sources */ = {isa = PBXBuildFile; fileRef = 3B75B9C424441E0700219CE4 /* TVWireframe.swift */; };
		3B75B9D124441E1100219CE4 /* Profile.storyboard in Resources */ = {isa = PBXBuildFile; fileRef = 3B75B9CB24441E1100219CE4 /* Profile.storyboard */; };
		3B75B9D224441E1100219CE4 /* ProfileInterfaces.swift in Sources */ = {isa = PBXBuildFile; fileRef = 3B75B9CC24441E1100219CE4 /* ProfileInterfaces.swift */; };
		3B75B9D324441E1100219CE4 /* ProfilePresenter.swift in Sources */ = {isa = PBXBuildFile; fileRef = 3B75B9CD24441E1100219CE4 /* ProfilePresenter.swift */; };
		3B75B9D424441E1100219CE4 /* ProfileViewController.swift in Sources */ = {isa = PBXBuildFile; fileRef = 3B75B9CE24441E1100219CE4 /* ProfileViewController.swift */; };
		3B75B9D524441E1100219CE4 /* ProfileInteractor.swift in Sources */ = {isa = PBXBuildFile; fileRef = 3B75B9CF24441E1100219CE4 /* ProfileInteractor.swift */; };
		3B75B9D624441E1100219CE4 /* ProfileWireframe.swift in Sources */ = {isa = PBXBuildFile; fileRef = 3B75B9D024441E1100219CE4 /* ProfileWireframe.swift */; };
		3B75B9DC24441FE600219CE4 /* MainTabBarInterfaces.swift in Sources */ = {isa = PBXBuildFile; fileRef = 3B75B9D724441FE600219CE4 /* MainTabBarInterfaces.swift */; };
		3B75B9DD24441FE600219CE4 /* MainTabBarPresenter.swift in Sources */ = {isa = PBXBuildFile; fileRef = 3B75B9D824441FE600219CE4 /* MainTabBarPresenter.swift */; };
		3B75B9DE24441FE600219CE4 /* MainTabBarViewController.swift in Sources */ = {isa = PBXBuildFile; fileRef = 3B75B9D924441FE600219CE4 /* MainTabBarViewController.swift */; };
		3B75B9DF24441FE600219CE4 /* MainTabBarInteractor.swift in Sources */ = {isa = PBXBuildFile; fileRef = 3B75B9DA24441FE600219CE4 /* MainTabBarInteractor.swift */; };
		3B75B9E024441FE600219CE4 /* MainTabBarWireframe.swift in Sources */ = {isa = PBXBuildFile; fileRef = 3B75B9DB24441FE600219CE4 /* MainTabBarWireframe.swift */; };
		3B75B9E624444B3500219CE4 /* MovieListView.swift in Sources */ = {isa = PBXBuildFile; fileRef = 3B75B9E524444B3500219CE4 /* MovieListView.swift */; };
		3B7D231124483F48004532F0 /* Cancellable.swift in Sources */ = {isa = PBXBuildFile; fileRef = 3B7D231024483F48004532F0 /* Cancellable.swift */; };
		3B7D2314244846AE004532F0 /* BaseOperationManager.swift in Sources */ = {isa = PBXBuildFile; fileRef = 3B7D2313244846AE004532F0 /* BaseOperationManager.swift */; };
		3B7D2316244846CA004532F0 /* RequestManager.swift in Sources */ = {isa = PBXBuildFile; fileRef = 3B7D2315244846CA004532F0 /* RequestManager.swift */; };
		3B7D2318244846E1004532F0 /* UploadManager.swift in Sources */ = {isa = PBXBuildFile; fileRef = 3B7D2317244846E1004532F0 /* UploadManager.swift */; };
		3B8569C9243C1DDF00B079B9 /* AppDelegate.swift in Sources */ = {isa = PBXBuildFile; fileRef = 3B8569C8243C1DDF00B079B9 /* AppDelegate.swift */; };
		3B8569D3243C1DDF00B079B9 /* Cinematics.xcdatamodeld in Sources */ = {isa = PBXBuildFile; fileRef = 3B8569D1243C1DDF00B079B9 /* Cinematics.xcdatamodeld */; };
		3B8569D5243C1DE000B079B9 /* Assets.xcassets in Resources */ = {isa = PBXBuildFile; fileRef = 3B8569D4243C1DE000B079B9 /* Assets.xcassets */; };
		3B8569E5243C237700B079B9 /* Colors.xcassets in Resources */ = {isa = PBXBuildFile; fileRef = 3B8569E4243C237700B079B9 /* Colors.xcassets */; };
		3B8569E7243C23A100B079B9 /* Constant.swift in Sources */ = {isa = PBXBuildFile; fileRef = 3B8569E6243C23A100B079B9 /* Constant.swift */; };
		3B8569EA243C23D600B079B9 /* Initializable.swift in Sources */ = {isa = PBXBuildFile; fileRef = 3B8569E9243C23D600B079B9 /* Initializable.swift */; };
		3B8569F0243C32FA00B079B9 /* Alamofire in Frameworks */ = {isa = PBXBuildFile; productRef = 3B8569EF243C32FA00B079B9 /* Alamofire */; };
		3B8569F9243C33A800B079B9 /* ViewInterface.swift in Sources */ = {isa = PBXBuildFile; fileRef = 3B8569F3243C33A700B079B9 /* ViewInterface.swift */; };
		3B8569FA243C33A800B079B9 /* UIStoryboardExtension.swift in Sources */ = {isa = PBXBuildFile; fileRef = 3B8569F4243C33A800B079B9 /* UIStoryboardExtension.swift */; };
		3B8569FB243C33A800B079B9 /* PresenterInterface.swift in Sources */ = {isa = PBXBuildFile; fileRef = 3B8569F5243C33A800B079B9 /* PresenterInterface.swift */; };
		3B8569FC243C33A800B079B9 /* BaseWireframe.swift in Sources */ = {isa = PBXBuildFile; fileRef = 3B8569F6243C33A800B079B9 /* BaseWireframe.swift */; };
		3B8569FD243C33A800B079B9 /* InteractorInterface.swift in Sources */ = {isa = PBXBuildFile; fileRef = 3B8569F7243C33A800B079B9 /* InteractorInterface.swift */; };
		3B856A00243C341000B079B9 /* ApplicationService.swift in Sources */ = {isa = PBXBuildFile; fileRef = 3B8569FF243C341000B079B9 /* ApplicationService.swift */; };
		3B856A02243C344400B079B9 /* PluggableApplicationDelegate.swift in Sources */ = {isa = PBXBuildFile; fileRef = 3B856A01243C344300B079B9 /* PluggableApplicationDelegate.swift */; };
		3B856A04243C346C00B079B9 /* BootApplicationService.swift in Sources */ = {isa = PBXBuildFile; fileRef = 3B856A03243C346C00B079B9 /* BootApplicationService.swift */; };
		3B856A07243C34BB00B079B9 /* SwiftyBeaver in Frameworks */ = {isa = PBXBuildFile; productRef = 3B856A06243C34BB00B079B9 /* SwiftyBeaver */; };
		3B856A12243C3A0D00B079B9 /* R.generated.swift in Sources */ = {isa = PBXBuildFile; fileRef = 3B856A11243C3A0D00B079B9 /* R.generated.swift */; };
		3B856A14243C3BE100B079B9 /* CoreDataService.swift in Sources */ = {isa = PBXBuildFile; fileRef = 3B856A13243C3BE100B079B9 /* CoreDataService.swift */; };
		3B856A19243C590C00B079B9 /* TargetType.swift in Sources */ = {isa = PBXBuildFile; fileRef = 3B856A18243C590C00B079B9 /* TargetType.swift */; };
		3B856A1B243C5A5900B079B9 /* ValidationType.swift in Sources */ = {isa = PBXBuildFile; fileRef = 3B856A1A243C5A5900B079B9 /* ValidationType.swift */; };
		3B856A1E243C5ADE00B079B9 /* Network.swift in Sources */ = {isa = PBXBuildFile; fileRef = 3B856A1D243C5ADE00B079B9 /* Network.swift */; };
		3B856A20243C5B5F00B079B9 /* MoviesTarget.swift in Sources */ = {isa = PBXBuildFile; fileRef = 3B856A1F243C5B5F00B079B9 /* MoviesTarget.swift */; };
		3B856A27243C806000B079B9 /* UserDefaultPropertiesWrapper.swift in Sources */ = {isa = PBXBuildFile; fileRef = 3B856A26243C806000B079B9 /* UserDefaultPropertiesWrapper.swift */; };
		3B856A29243C841F00B079B9 /* UserDefaultService.swift in Sources */ = {isa = PBXBuildFile; fileRef = 3B856A28243C841F00B079B9 /* UserDefaultService.swift */; };
		3B856A2B243C897700B079B9 /* CrashReporterInitializer.swift in Sources */ = {isa = PBXBuildFile; fileRef = 3B856A2A243C897700B079B9 /* CrashReporterInitializer.swift */; };
		3B8EAF5624485F2200D36332 /* DownloadOperator.swift in Sources */ = {isa = PBXBuildFile; fileRef = 3B8EAF5524485F2200D36332 /* DownloadOperator.swift */; };
		3BAC73BC2444A175002C159D /* RoundShadowView.swift in Sources */ = {isa = PBXBuildFile; fileRef = 3BAC73BB2444A175002C159D /* RoundShadowView.swift */; };
		3BAC73BE2444A2B7002C159D /* RoundedImageView.swift in Sources */ = {isa = PBXBuildFile; fileRef = 3BAC73BD2444A2B7002C159D /* RoundedImageView.swift */; };
		3BAC73C32444A8DA002C159D /* TitleSplitedCell.swift in Sources */ = {isa = PBXBuildFile; fileRef = 3BAC73C12444A8DA002C159D /* TitleSplitedCell.swift */; };
		3BAC73C42444A8DA002C159D /* TitleSplitedCell.xib in Resources */ = {isa = PBXBuildFile; fileRef = 3BAC73C22444A8DA002C159D /* TitleSplitedCell.xib */; };
		3BBD314124404905005008B1 /* RxRelay in Frameworks */ = {isa = PBXBuildFile; productRef = 3BBD314024404905005008B1 /* RxRelay */; };
		3BBD314324404905005008B1 /* RxSwift in Frameworks */ = {isa = PBXBuildFile; productRef = 3BBD314224404905005008B1 /* RxSwift */; };
		3BBD314524404905005008B1 /* RxCocoa in Frameworks */ = {isa = PBXBuildFile; productRef = 3BBD314424404905005008B1 /* RxCocoa */; };
		3BBD3149244052ED005008B1 /* LoggerInitializer.swift in Sources */ = {isa = PBXBuildFile; fileRef = 3BBD3148244052ED005008B1 /* LoggerInitializer.swift */; };
		3BBD314B244053F7005008B1 /* NSObject.swift in Sources */ = {isa = PBXBuildFile; fileRef = 3BBD314A244053F7005008B1 /* NSObject.swift */; };
		3BBD314E24405434005008B1 /* BaseCollectionViewCell.swift in Sources */ = {isa = PBXBuildFile; fileRef = 3BBD314D24405434005008B1 /* BaseCollectionViewCell.swift */; };
		3BBD31502440544D005008B1 /* BaseTableViewCell.swift in Sources */ = {isa = PBXBuildFile; fileRef = 3BBD314F2440544D005008B1 /* BaseTableViewCell.swift */; };
		3BBD315224405466005008B1 /* BaseViewController.swift in Sources */ = {isa = PBXBuildFile; fileRef = 3BBD315124405466005008B1 /* BaseViewController.swift */; };
		3BBD31542440556A005008B1 /* Encodable.swift in Sources */ = {isa = PBXBuildFile; fileRef = 3BBD31532440556A005008B1 /* Encodable.swift */; };
		3BBD3156244055AB005008B1 /* UIButton.swift in Sources */ = {isa = PBXBuildFile; fileRef = 3BBD3155244055AB005008B1 /* UIButton.swift */; };
		3BBD3158244055D1005008B1 /* UINavigationController.swift in Sources */ = {isa = PBXBuildFile; fileRef = 3BBD3157244055D1005008B1 /* UINavigationController.swift */; };
		3BBD315A244055F8005008B1 /* UIViewController.swift in Sources */ = {isa = PBXBuildFile; fileRef = 3BBD3159244055F8005008B1 /* UIViewController.swift */; };
		3BBD315D24405644005008B1 /* SnapKit in Frameworks */ = {isa = PBXBuildFile; productRef = 3BBD315C24405644005008B1 /* SnapKit */; };
		3BBD316024405658005008B1 /* NavigationBarVisible.swift in Sources */ = {isa = PBXBuildFile; fileRef = 3BBD315F24405658005008B1 /* NavigationBarVisible.swift */; };
		3BBD316324405698005008B1 /* Utilities.swift in Sources */ = {isa = PBXBuildFile; fileRef = 3BBD316224405698005008B1 /* Utilities.swift */; };
		3BBD3165244056D0005008B1 /* AppFont.swift in Sources */ = {isa = PBXBuildFile; fileRef = 3BBD3164244056D0005008B1 /* AppFont.swift */; };
		3BBD31672440571D005008B1 /* BaseXibView.swift in Sources */ = {isa = PBXBuildFile; fileRef = 3BBD31662440571D005008B1 /* BaseXibView.swift */; };
		3BBD3169244057DB005008B1 /* HasLoadingIndicator.swift in Sources */ = {isa = PBXBuildFile; fileRef = 3BBD3168244057DB005008B1 /* HasLoadingIndicator.swift */; };
		3BBD316B2440585B005008B1 /* BaseUILabel.swift in Sources */ = {isa = PBXBuildFile; fileRef = 3BBD316A2440585B005008B1 /* BaseUILabel.swift */; };
		3BBD317124405935005008B1 /* LoadingView.swift in Sources */ = {isa = PBXBuildFile; fileRef = 3BBD316F24405935005008B1 /* LoadingView.swift */; };
		3BF202C624445B72006666EA /* Then in Frameworks */ = {isa = PBXBuildFile; productRef = 3BF202C524445B72006666EA /* Then */; };
		3BF202CA244461BA006666EA /* TrendingCell.swift in Sources */ = {isa = PBXBuildFile; fileRef = 3BF202C8244461BA006666EA /* TrendingCell.swift */; };
		3BF202CB244461BA006666EA /* TrendingCell.xib in Resources */ = {isa = PBXBuildFile; fileRef = 3BF202C9244461BA006666EA /* TrendingCell.xib */; };
		3BF202CD24446A60006666EA /* AuthenticationAdapter.swift in Sources */ = {isa = PBXBuildFile; fileRef = 3BF202CC24446A60006666EA /* AuthenticationAdapter.swift */; };
		83D66777EC4B83CDCBBD5592 /* Pods_Cinematics.framework in Frameworks */ = {isa = PBXBuildFile; fileRef = AF889E8E16CC441218401627 /* Pods_Cinematics.framework */; };
/* End PBXBuildFile section */

/* Begin PBXFileReference section */
		3B06DC8E2446D9A300F467A7 /* AnyEncodable.swift */ = {isa = PBXFileReference; lastKnownFileType = sourcecode.swift; path = AnyEncodable.swift; sourceTree = "<group>"; };
		3B06DC902446D9B800F467A7 /* URLRequest+Ext.swift */ = {isa = PBXFileReference; lastKnownFileType = sourcecode.swift; path = "URLRequest+Ext.swift"; sourceTree = "<group>"; };
		3B06DC922446D9CE00F467A7 /* Data+Ext.swift */ = {isa = PBXFileReference; lastKnownFileType = sourcecode.swift; path = "Data+Ext.swift"; sourceTree = "<group>"; };
		3B06DC952446DA5100F467A7 /* ConcurrentOperation.swift */ = {isa = PBXFileReference; lastKnownFileType = sourcecode.swift; path = ConcurrentOperation.swift; sourceTree = "<group>"; };
		3B06DC972446DA6900F467A7 /* RequestOperation.swift */ = {isa = PBXFileReference; lastKnownFileType = sourcecode.swift; path = RequestOperation.swift; sourceTree = "<group>"; };
		3B06DC992446DBBE00F467A7 /* DownloadManager.swift */ = {isa = PBXFileReference; lastKnownFileType = sourcecode.swift; path = DownloadManager.swift; sourceTree = "<group>"; };
		3B2B6C94244557720098F00F /* MoviesService.swift */ = {isa = PBXFileReference; lastKnownFileType = sourcecode.swift; path = MoviesService.swift; sourceTree = "<group>"; };
		3B2B6C97244559E10098F00F /* Trending.swift */ = {isa = PBXFileReference; lastKnownFileType = sourcecode.swift; path = Trending.swift; sourceTree = "<group>"; };
		3B2B6C99244565740098F00F /* NetworkLogger.swift */ = {isa = PBXFileReference; lastKnownFileType = sourcecode.swift; path = NetworkLogger.swift; sourceTree = "<group>"; };
		3B2B6C9B244567A60098F00F /* AlamofirePackage.swift */ = {isa = PBXFileReference; lastKnownFileType = sourcecode.swift; path = AlamofirePackage.swift; sourceTree = "<group>"; };
		3B2B6C9E244585340098F00F /* NetworkConfig+Ext.swift */ = {isa = PBXFileReference; lastKnownFileType = sourcecode.swift; path = "NetworkConfig+Ext.swift"; sourceTree = "<group>"; };
		3B2B6CA02445904B0098F00F /* NetworkConfig.swift */ = {isa = PBXFileReference; lastKnownFileType = sourcecode.swift; path = NetworkConfig.swift; sourceTree = "<group>"; };
		3B42909C2444ADCB0075E1E3 /* RatedCell.swift */ = {isa = PBXFileReference; lastKnownFileType = sourcecode.swift; path = RatedCell.swift; sourceTree = "<group>"; };
		3B42909D2444ADCB0075E1E3 /* RatedCell.xib */ = {isa = PBXFileReference; lastKnownFileType = file.xib; path = RatedCell.xib; sourceTree = "<group>"; };
		3B4290A02444B90D0075E1E3 /* Task.swift */ = {isa = PBXFileReference; lastKnownFileType = sourcecode.swift; path = Task.swift; sourceTree = "<group>"; };
		3B4290A42444BB060075E1E3 /* NetworkError.swift */ = {isa = PBXFileReference; lastKnownFileType = sourcecode.swift; path = NetworkError.swift; sourceTree = "<group>"; };
		3B4290A62444BBA10075E1E3 /* Response.swift */ = {isa = PBXFileReference; lastKnownFileType = sourcecode.swift; path = Response.swift; sourceTree = "<group>"; };
		3B4290A82444BDC10075E1E3 /* Endpoint.swift */ = {isa = PBXFileReference; lastKnownFileType = sourcecode.swift; path = Endpoint.swift; sourceTree = "<group>"; };
		3B45280A24406565009FAC84 /* LaunchScreen.storyboard */ = {isa = PBXFileReference; lastKnownFileType = file.storyboard; path = LaunchScreen.storyboard; sourceTree = "<group>"; };
		3B45280D24406960009FAC84 /* Onboard.storyboard */ = {isa = PBXFileReference; lastKnownFileType = file.storyboard; path = Onboard.storyboard; sourceTree = "<group>"; };
		3B45280E24406960009FAC84 /* OnboardInterfaces.swift */ = {isa = PBXFileReference; lastKnownFileType = sourcecode.swift; path = OnboardInterfaces.swift; sourceTree = "<group>"; };
		3B45280F24406960009FAC84 /* OnboardPresenter.swift */ = {isa = PBXFileReference; lastKnownFileType = sourcecode.swift; path = OnboardPresenter.swift; sourceTree = "<group>"; };
		3B45281024406960009FAC84 /* OnboardViewController.swift */ = {isa = PBXFileReference; lastKnownFileType = sourcecode.swift; path = OnboardViewController.swift; sourceTree = "<group>"; };
		3B45281224406960009FAC84 /* OnboardInteractor.swift */ = {isa = PBXFileReference; lastKnownFileType = sourcecode.swift; path = OnboardInteractor.swift; sourceTree = "<group>"; };
		3B45281324406960009FAC84 /* OnboardWireframe.swift */ = {isa = PBXFileReference; lastKnownFileType = sourcecode.swift; path = OnboardWireframe.swift; sourceTree = "<group>"; };
		3B75B9B324441DFA00219CE4 /* Movies.storyboard */ = {isa = PBXFileReference; lastKnownFileType = file.storyboard; path = Movies.storyboard; sourceTree = "<group>"; };
		3B75B9B424441DFA00219CE4 /* MoviesInterfaces.swift */ = {isa = PBXFileReference; lastKnownFileType = sourcecode.swift; path = MoviesInterfaces.swift; sourceTree = "<group>"; };
		3B75B9B524441DFA00219CE4 /* MoviesPresenter.swift */ = {isa = PBXFileReference; lastKnownFileType = sourcecode.swift; path = MoviesPresenter.swift; sourceTree = "<group>"; };
		3B75B9B624441DFA00219CE4 /* MoviesViewController.swift */ = {isa = PBXFileReference; lastKnownFileType = sourcecode.swift; path = MoviesViewController.swift; sourceTree = "<group>"; };
		3B75B9B724441DFA00219CE4 /* MoviesInteractor.swift */ = {isa = PBXFileReference; lastKnownFileType = sourcecode.swift; path = MoviesInteractor.swift; sourceTree = "<group>"; };
		3B75B9B824441DFA00219CE4 /* MoviesWireframe.swift */ = {isa = PBXFileReference; lastKnownFileType = sourcecode.swift; path = MoviesWireframe.swift; sourceTree = "<group>"; };
		3B75B9BF24441E0700219CE4 /* TV.storyboard */ = {isa = PBXFileReference; lastKnownFileType = file.storyboard; path = TV.storyboard; sourceTree = "<group>"; };
		3B75B9C024441E0700219CE4 /* TVInterfaces.swift */ = {isa = PBXFileReference; lastKnownFileType = sourcecode.swift; path = TVInterfaces.swift; sourceTree = "<group>"; };
		3B75B9C124441E0700219CE4 /* TVPresenter.swift */ = {isa = PBXFileReference; lastKnownFileType = sourcecode.swift; path = TVPresenter.swift; sourceTree = "<group>"; };
		3B75B9C224441E0700219CE4 /* TVViewController.swift */ = {isa = PBXFileReference; lastKnownFileType = sourcecode.swift; path = TVViewController.swift; sourceTree = "<group>"; };
		3B75B9C324441E0700219CE4 /* TVInteractor.swift */ = {isa = PBXFileReference; lastKnownFileType = sourcecode.swift; path = TVInteractor.swift; sourceTree = "<group>"; };
		3B75B9C424441E0700219CE4 /* TVWireframe.swift */ = {isa = PBXFileReference; lastKnownFileType = sourcecode.swift; path = TVWireframe.swift; sourceTree = "<group>"; };
		3B75B9CB24441E1100219CE4 /* Profile.storyboard */ = {isa = PBXFileReference; lastKnownFileType = file.storyboard; path = Profile.storyboard; sourceTree = "<group>"; };
		3B75B9CC24441E1100219CE4 /* ProfileInterfaces.swift */ = {isa = PBXFileReference; lastKnownFileType = sourcecode.swift; path = ProfileInterfaces.swift; sourceTree = "<group>"; };
		3B75B9CD24441E1100219CE4 /* ProfilePresenter.swift */ = {isa = PBXFileReference; lastKnownFileType = sourcecode.swift; path = ProfilePresenter.swift; sourceTree = "<group>"; };
		3B75B9CE24441E1100219CE4 /* ProfileViewController.swift */ = {isa = PBXFileReference; lastKnownFileType = sourcecode.swift; path = ProfileViewController.swift; sourceTree = "<group>"; };
		3B75B9CF24441E1100219CE4 /* ProfileInteractor.swift */ = {isa = PBXFileReference; lastKnownFileType = sourcecode.swift; path = ProfileInteractor.swift; sourceTree = "<group>"; };
		3B75B9D024441E1100219CE4 /* ProfileWireframe.swift */ = {isa = PBXFileReference; lastKnownFileType = sourcecode.swift; path = ProfileWireframe.swift; sourceTree = "<group>"; };
		3B75B9D724441FE600219CE4 /* MainTabBarInterfaces.swift */ = {isa = PBXFileReference; lastKnownFileType = sourcecode.swift; path = MainTabBarInterfaces.swift; sourceTree = "<group>"; };
		3B75B9D824441FE600219CE4 /* MainTabBarPresenter.swift */ = {isa = PBXFileReference; lastKnownFileType = sourcecode.swift; path = MainTabBarPresenter.swift; sourceTree = "<group>"; };
		3B75B9D924441FE600219CE4 /* MainTabBarViewController.swift */ = {isa = PBXFileReference; lastKnownFileType = sourcecode.swift; path = MainTabBarViewController.swift; sourceTree = "<group>"; };
		3B75B9DA24441FE600219CE4 /* MainTabBarInteractor.swift */ = {isa = PBXFileReference; lastKnownFileType = sourcecode.swift; path = MainTabBarInteractor.swift; sourceTree = "<group>"; };
		3B75B9DB24441FE600219CE4 /* MainTabBarWireframe.swift */ = {isa = PBXFileReference; lastKnownFileType = sourcecode.swift; path = MainTabBarWireframe.swift; sourceTree = "<group>"; };
		3B75B9E524444B3500219CE4 /* MovieListView.swift */ = {isa = PBXFileReference; lastKnownFileType = sourcecode.swift; path = MovieListView.swift; sourceTree = "<group>"; };
		3B7D231024483F48004532F0 /* Cancellable.swift */ = {isa = PBXFileReference; lastKnownFileType = sourcecode.swift; path = Cancellable.swift; sourceTree = "<group>"; };
		3B7D2313244846AE004532F0 /* BaseOperationManager.swift */ = {isa = PBXFileReference; lastKnownFileType = sourcecode.swift; path = BaseOperationManager.swift; sourceTree = "<group>"; };
		3B7D2315244846CA004532F0 /* RequestManager.swift */ = {isa = PBXFileReference; lastKnownFileType = sourcecode.swift; path = RequestManager.swift; sourceTree = "<group>"; };
		3B7D2317244846E1004532F0 /* UploadManager.swift */ = {isa = PBXFileReference; lastKnownFileType = sourcecode.swift; path = UploadManager.swift; sourceTree = "<group>"; };
		3B8569C5243C1DDF00B079B9 /* Cinematics.app */ = {isa = PBXFileReference; explicitFileType = wrapper.application; includeInIndex = 0; path = Cinematics.app; sourceTree = BUILT_PRODUCTS_DIR; };
		3B8569C8243C1DDF00B079B9 /* AppDelegate.swift */ = {isa = PBXFileReference; lastKnownFileType = sourcecode.swift; path = AppDelegate.swift; sourceTree = "<group>"; };
		3B8569D2243C1DDF00B079B9 /* Cinematics.xcdatamodel */ = {isa = PBXFileReference; lastKnownFileType = wrapper.xcdatamodel; path = Cinematics.xcdatamodel; sourceTree = "<group>"; };
		3B8569D4243C1DE000B079B9 /* Assets.xcassets */ = {isa = PBXFileReference; lastKnownFileType = folder.assetcatalog; path = Assets.xcassets; sourceTree = "<group>"; };
		3B8569E4243C237700B079B9 /* Colors.xcassets */ = {isa = PBXFileReference; lastKnownFileType = folder.assetcatalog; path = Colors.xcassets; sourceTree = "<group>"; };
		3B8569E6243C23A100B079B9 /* Constant.swift */ = {isa = PBXFileReference; lastKnownFileType = sourcecode.swift; path = Constant.swift; sourceTree = "<group>"; };
		3B8569E9243C23D600B079B9 /* Initializable.swift */ = {isa = PBXFileReference; lastKnownFileType = sourcecode.swift; path = Initializable.swift; sourceTree = "<group>"; };
		3B8569F3243C33A700B079B9 /* ViewInterface.swift */ = {isa = PBXFileReference; fileEncoding = 4; lastKnownFileType = sourcecode.swift; path = ViewInterface.swift; sourceTree = "<group>"; };
		3B8569F4243C33A800B079B9 /* UIStoryboardExtension.swift */ = {isa = PBXFileReference; fileEncoding = 4; lastKnownFileType = sourcecode.swift; path = UIStoryboardExtension.swift; sourceTree = "<group>"; };
		3B8569F5243C33A800B079B9 /* PresenterInterface.swift */ = {isa = PBXFileReference; fileEncoding = 4; lastKnownFileType = sourcecode.swift; path = PresenterInterface.swift; sourceTree = "<group>"; };
		3B8569F6243C33A800B079B9 /* BaseWireframe.swift */ = {isa = PBXFileReference; fileEncoding = 4; lastKnownFileType = sourcecode.swift; path = BaseWireframe.swift; sourceTree = "<group>"; };
		3B8569F7243C33A800B079B9 /* InteractorInterface.swift */ = {isa = PBXFileReference; fileEncoding = 4; lastKnownFileType = sourcecode.swift; path = InteractorInterface.swift; sourceTree = "<group>"; };
		3B8569FF243C341000B079B9 /* ApplicationService.swift */ = {isa = PBXFileReference; lastKnownFileType = sourcecode.swift; path = ApplicationService.swift; sourceTree = "<group>"; };
		3B856A01243C344300B079B9 /* PluggableApplicationDelegate.swift */ = {isa = PBXFileReference; lastKnownFileType = sourcecode.swift; path = PluggableApplicationDelegate.swift; sourceTree = "<group>"; };
		3B856A03243C346C00B079B9 /* BootApplicationService.swift */ = {isa = PBXFileReference; lastKnownFileType = sourcecode.swift; path = BootApplicationService.swift; sourceTree = "<group>"; };
		3B856A0B243C369B00B079B9 /* Info.plist */ = {isa = PBXFileReference; fileEncoding = 4; lastKnownFileType = text.plist.xml; path = Info.plist; sourceTree = "<group>"; };
		3B856A11243C3A0D00B079B9 /* R.generated.swift */ = {isa = PBXFileReference; fileEncoding = 4; lastKnownFileType = sourcecode.swift; path = R.generated.swift; sourceTree = SOURCE_ROOT; };
		3B856A13243C3BE100B079B9 /* CoreDataService.swift */ = {isa = PBXFileReference; lastKnownFileType = sourcecode.swift; path = CoreDataService.swift; sourceTree = "<group>"; };
		3B856A18243C590C00B079B9 /* TargetType.swift */ = {isa = PBXFileReference; lastKnownFileType = sourcecode.swift; path = TargetType.swift; sourceTree = "<group>"; };
		3B856A1A243C5A5900B079B9 /* ValidationType.swift */ = {isa = PBXFileReference; lastKnownFileType = sourcecode.swift; path = ValidationType.swift; sourceTree = "<group>"; };
		3B856A1D243C5ADE00B079B9 /* Network.swift */ = {isa = PBXFileReference; lastKnownFileType = sourcecode.swift; path = Network.swift; sourceTree = "<group>"; };
		3B856A1F243C5B5F00B079B9 /* MoviesTarget.swift */ = {isa = PBXFileReference; lastKnownFileType = sourcecode.swift; path = MoviesTarget.swift; sourceTree = "<group>"; };
		3B856A26243C806000B079B9 /* UserDefaultPropertiesWrapper.swift */ = {isa = PBXFileReference; lastKnownFileType = sourcecode.swift; path = UserDefaultPropertiesWrapper.swift; sourceTree = "<group>"; };
		3B856A28243C841F00B079B9 /* UserDefaultService.swift */ = {isa = PBXFileReference; lastKnownFileType = sourcecode.swift; path = UserDefaultService.swift; sourceTree = "<group>"; };
		3B856A2A243C897700B079B9 /* CrashReporterInitializer.swift */ = {isa = PBXFileReference; lastKnownFileType = sourcecode.swift; path = CrashReporterInitializer.swift; sourceTree = "<group>"; };
		3B8EAF5524485F2200D36332 /* DownloadOperator.swift */ = {isa = PBXFileReference; lastKnownFileType = sourcecode.swift; path = DownloadOperator.swift; sourceTree = "<group>"; };
		3BAC73BB2444A175002C159D /* RoundShadowView.swift */ = {isa = PBXFileReference; lastKnownFileType = sourcecode.swift; path = RoundShadowView.swift; sourceTree = "<group>"; };
		3BAC73BD2444A2B7002C159D /* RoundedImageView.swift */ = {isa = PBXFileReference; lastKnownFileType = sourcecode.swift; path = RoundedImageView.swift; sourceTree = "<group>"; };
		3BAC73C12444A8DA002C159D /* TitleSplitedCell.swift */ = {isa = PBXFileReference; lastKnownFileType = sourcecode.swift; path = TitleSplitedCell.swift; sourceTree = "<group>"; };
		3BAC73C22444A8DA002C159D /* TitleSplitedCell.xib */ = {isa = PBXFileReference; lastKnownFileType = file.xib; path = TitleSplitedCell.xib; sourceTree = "<group>"; };
		3BBD3148244052ED005008B1 /* LoggerInitializer.swift */ = {isa = PBXFileReference; lastKnownFileType = sourcecode.swift; path = LoggerInitializer.swift; sourceTree = "<group>"; };
		3BBD314A244053F7005008B1 /* NSObject.swift */ = {isa = PBXFileReference; lastKnownFileType = sourcecode.swift; path = NSObject.swift; sourceTree = "<group>"; };
		3BBD314D24405434005008B1 /* BaseCollectionViewCell.swift */ = {isa = PBXFileReference; lastKnownFileType = sourcecode.swift; path = BaseCollectionViewCell.swift; sourceTree = "<group>"; };
		3BBD314F2440544D005008B1 /* BaseTableViewCell.swift */ = {isa = PBXFileReference; lastKnownFileType = sourcecode.swift; path = BaseTableViewCell.swift; sourceTree = "<group>"; };
		3BBD315124405466005008B1 /* BaseViewController.swift */ = {isa = PBXFileReference; lastKnownFileType = sourcecode.swift; path = BaseViewController.swift; sourceTree = "<group>"; };
		3BBD31532440556A005008B1 /* Encodable.swift */ = {isa = PBXFileReference; lastKnownFileType = sourcecode.swift; path = Encodable.swift; sourceTree = "<group>"; };
		3BBD3155244055AB005008B1 /* UIButton.swift */ = {isa = PBXFileReference; lastKnownFileType = sourcecode.swift; path = UIButton.swift; sourceTree = "<group>"; };
		3BBD3157244055D1005008B1 /* UINavigationController.swift */ = {isa = PBXFileReference; lastKnownFileType = sourcecode.swift; path = UINavigationController.swift; sourceTree = "<group>"; };
		3BBD3159244055F8005008B1 /* UIViewController.swift */ = {isa = PBXFileReference; lastKnownFileType = sourcecode.swift; path = UIViewController.swift; sourceTree = "<group>"; };
		3BBD315F24405658005008B1 /* NavigationBarVisible.swift */ = {isa = PBXFileReference; lastKnownFileType = sourcecode.swift; path = NavigationBarVisible.swift; sourceTree = "<group>"; };
		3BBD316224405698005008B1 /* Utilities.swift */ = {isa = PBXFileReference; lastKnownFileType = sourcecode.swift; path = Utilities.swift; sourceTree = "<group>"; };
		3BBD3164244056D0005008B1 /* AppFont.swift */ = {isa = PBXFileReference; lastKnownFileType = sourcecode.swift; path = AppFont.swift; sourceTree = "<group>"; };
		3BBD31662440571D005008B1 /* BaseXibView.swift */ = {isa = PBXFileReference; lastKnownFileType = sourcecode.swift; path = BaseXibView.swift; sourceTree = "<group>"; };
		3BBD3168244057DB005008B1 /* HasLoadingIndicator.swift */ = {isa = PBXFileReference; lastKnownFileType = sourcecode.swift; path = HasLoadingIndicator.swift; sourceTree = "<group>"; };
		3BBD316A2440585B005008B1 /* BaseUILabel.swift */ = {isa = PBXFileReference; lastKnownFileType = sourcecode.swift; path = BaseUILabel.swift; sourceTree = "<group>"; };
		3BBD316F24405935005008B1 /* LoadingView.swift */ = {isa = PBXFileReference; fileEncoding = 4; lastKnownFileType = sourcecode.swift; path = LoadingView.swift; sourceTree = "<group>"; };
		3BF202C8244461BA006666EA /* TrendingCell.swift */ = {isa = PBXFileReference; lastKnownFileType = sourcecode.swift; path = TrendingCell.swift; sourceTree = "<group>"; };
		3BF202C9244461BA006666EA /* TrendingCell.xib */ = {isa = PBXFileReference; lastKnownFileType = file.xib; path = TrendingCell.xib; sourceTree = "<group>"; };
		3BF202CC24446A60006666EA /* AuthenticationAdapter.swift */ = {isa = PBXFileReference; lastKnownFileType = sourcecode.swift; path = AuthenticationAdapter.swift; sourceTree = "<group>"; };
		AF889E8E16CC441218401627 /* Pods_Cinematics.framework */ = {isa = PBXFileReference; explicitFileType = wrapper.framework; includeInIndex = 0; path = Pods_Cinematics.framework; sourceTree = BUILT_PRODUCTS_DIR; };
		B20649FC1F16525644AEBC16 /* Pods-Cinematics.debug.xcconfig */ = {isa = PBXFileReference; includeInIndex = 1; lastKnownFileType = text.xcconfig; name = "Pods-Cinematics.debug.xcconfig"; path = "Target Support Files/Pods-Cinematics/Pods-Cinematics.debug.xcconfig"; sourceTree = "<group>"; };
		D9BBD5D466A20FAA868B58CF /* Pods-Cinematics.release.xcconfig */ = {isa = PBXFileReference; includeInIndex = 1; lastKnownFileType = text.xcconfig; name = "Pods-Cinematics.release.xcconfig"; path = "Target Support Files/Pods-Cinematics/Pods-Cinematics.release.xcconfig"; sourceTree = "<group>"; };
/* End PBXFileReference section */

/* Begin PBXFrameworksBuildPhase section */
		3B8569C2243C1DDF00B079B9 /* Frameworks */ = {
			isa = PBXFrameworksBuildPhase;
			buildActionMask = 2147483647;
			files = (
				3BBD314524404905005008B1 /* RxCocoa in Frameworks */,
				83D66777EC4B83CDCBBD5592 /* Pods_Cinematics.framework in Frameworks */,
				3B8569F0243C32FA00B079B9 /* Alamofire in Frameworks */,
				3BF202C624445B72006666EA /* Then in Frameworks */,
				3BBD315D24405644005008B1 /* SnapKit in Frameworks */,
				3BBD314324404905005008B1 /* RxSwift in Frameworks */,
				3BBD314124404905005008B1 /* RxRelay in Frameworks */,
				3B856A07243C34BB00B079B9 /* SwiftyBeaver in Frameworks */,
			);
			runOnlyForDeploymentPostprocessing = 0;
		};
/* End PBXFrameworksBuildPhase section */

/* Begin PBXGroup section */
		3B06DC8D2446D99500F467A7 /* Other */ = {
			isa = PBXGroup;
			children = (
				3B06DC8E2446D9A300F467A7 /* AnyEncodable.swift */,
				3B06DC902446D9B800F467A7 /* URLRequest+Ext.swift */,
				3B06DC922446D9CE00F467A7 /* Data+Ext.swift */,
				3B2B6C9B244567A60098F00F /* AlamofirePackage.swift */,
			);
			path = Other;
			sourceTree = "<group>";
		};
		3B06DC942446DA4500F467A7 /* Operation */ = {
			isa = PBXGroup;
			children = (
				3B06DC952446DA5100F467A7 /* ConcurrentOperation.swift */,
				3B7D2313244846AE004532F0 /* BaseOperationManager.swift */,
				3BB9E4AC24489D5500B08047 /* Request */,
				3BB9E4AD24489D5C00B08047 /* Download */,
				3BB9E4AE24489D6000B08047 /* Upload */,
			);
			path = Operation;
			sourceTree = "<group>";
		};
		3B2B6C92244557490098F00F /* Plugins */ = {
			isa = PBXGroup;
			children = (
				3BF202CC24446A60006666EA /* AuthenticationAdapter.swift */,
				3B2B6C99244565740098F00F /* NetworkLogger.swift */,
			);
			path = Plugins;
			sourceTree = "<group>";
		};
		3B2B6C93244557640098F00F /* Movies */ = {
			isa = PBXGroup;
			children = (
				3B856A1F243C5B5F00B079B9 /* MoviesTarget.swift */,
				3B2B6C94244557720098F00F /* MoviesService.swift */,
			);
			path = Movies;
			sourceTree = "<group>";
		};
		3B2B6C962445598E0098F00F /* Model */ = {
			isa = PBXGroup;
			children = (
				3B2B6C97244559E10098F00F /* Trending.swift */,
			);
			path = Model;
			sourceTree = "<group>";
		};
		3B42909B2444ADB60075E1E3 /* RatedCell */ = {
			isa = PBXGroup;
			children = (
				3B42909C2444ADCB0075E1E3 /* RatedCell.swift */,
				3B42909D2444ADCB0075E1E3 /* RatedCell.xib */,
			);
			path = RatedCell;
			sourceTree = "<group>";
		};
		3B4290AA2444C35E0075E1E3 /* Core */ = {
			isa = PBXGroup;
			children = (
				3B06DC942446DA4500F467A7 /* Operation */,
				3B2B6C92244557490098F00F /* Plugins */,
				3B856A18243C590C00B079B9 /* TargetType.swift */,
				3B856A1A243C5A5900B079B9 /* ValidationType.swift */,
				3B4290A02444B90D0075E1E3 /* Task.swift */,
				3B4290A82444BDC10075E1E3 /* Endpoint.swift */,
				3B2B6CA02445904B0098F00F /* NetworkConfig.swift */,
				3B856A1D243C5ADE00B079B9 /* Network.swift */,
				3B4290A42444BB060075E1E3 /* NetworkError.swift */,
				3B4290A62444BBA10075E1E3 /* Response.swift */,
				3B7D231024483F48004532F0 /* Cancellable.swift */,
				3B06DC8D2446D99500F467A7 /* Other */,
			);
			path = Core;
			sourceTree = "<group>";
		};
		3B45280C2440693A009FAC84 /* Onboard */ = {
			isa = PBXGroup;
			children = (
				3B45280D24406960009FAC84 /* Onboard.storyboard */,
				3B45280E24406960009FAC84 /* OnboardInterfaces.swift */,
				3B45280F24406960009FAC84 /* OnboardPresenter.swift */,
				3B45281024406960009FAC84 /* OnboardViewController.swift */,
				3B45281224406960009FAC84 /* OnboardInteractor.swift */,
				3B45281324406960009FAC84 /* OnboardWireframe.swift */,
			);
			path = Onboard;
			sourceTree = "<group>";
		};
		3B75B9AD24441DB200219CE4 /* MainTabBar */ = {
			isa = PBXGroup;
			children = (
				3B75B9D724441FE600219CE4 /* MainTabBarInterfaces.swift */,
				3B75B9D824441FE600219CE4 /* MainTabBarPresenter.swift */,
				3B75B9D924441FE600219CE4 /* MainTabBarViewController.swift */,
				3B75B9DA24441FE600219CE4 /* MainTabBarInteractor.swift */,
				3B75B9DB24441FE600219CE4 /* MainTabBarWireframe.swift */,
			);
			path = MainTabBar;
			sourceTree = "<group>";
		};
		3B75B9B024441DD700219CE4 /* Movies */ = {
			isa = PBXGroup;
			children = (
				3B75B9B324441DFA00219CE4 /* Movies.storyboard */,
				3B75B9B424441DFA00219CE4 /* MoviesInterfaces.swift */,
				3B75B9B524441DFA00219CE4 /* MoviesPresenter.swift */,
				3B75B9B624441DFA00219CE4 /* MoviesViewController.swift */,
				3B75B9B724441DFA00219CE4 /* MoviesInteractor.swift */,
				3B75B9B824441DFA00219CE4 /* MoviesWireframe.swift */,
			);
			path = Movies;
			sourceTree = "<group>";
		};
		3B75B9B124441DDD00219CE4 /* TV */ = {
			isa = PBXGroup;
			children = (
				3B75B9BF24441E0700219CE4 /* TV.storyboard */,
				3B75B9C024441E0700219CE4 /* TVInterfaces.swift */,
				3B75B9C124441E0700219CE4 /* TVPresenter.swift */,
				3B75B9C224441E0700219CE4 /* TVViewController.swift */,
				3B75B9C324441E0700219CE4 /* TVInteractor.swift */,
				3B75B9C424441E0700219CE4 /* TVWireframe.swift */,
			);
			path = TV;
			sourceTree = "<group>";
		};
		3B75B9B224441DE200219CE4 /* Profile */ = {
			isa = PBXGroup;
			children = (
				3B75B9CB24441E1100219CE4 /* Profile.storyboard */,
				3B75B9CC24441E1100219CE4 /* ProfileInterfaces.swift */,
				3B75B9CD24441E1100219CE4 /* ProfilePresenter.swift */,
				3B75B9CE24441E1100219CE4 /* ProfileViewController.swift */,
				3B75B9CF24441E1100219CE4 /* ProfileInteractor.swift */,
				3B75B9D024441E1100219CE4 /* ProfileWireframe.swift */,
			);
			path = Profile;
			sourceTree = "<group>";
		};
		3B8569BC243C1DDF00B079B9 = {
			isa = PBXGroup;
			children = (
				3B8569C7243C1DDF00B079B9 /* Cinematics */,
				3B8569C6243C1DDF00B079B9 /* Products */,
				861607BFE73D98EA0938CA49 /* Pods */,
				DDA544F3B9786A70C24C8623 /* Frameworks */,
			);
			sourceTree = "<group>";
		};
		3B8569C6243C1DDF00B079B9 /* Products */ = {
			isa = PBXGroup;
			children = (
				3B8569C5243C1DDF00B079B9 /* Cinematics.app */,
			);
			name = Products;
			sourceTree = "<group>";
		};
		3B8569C7243C1DDF00B079B9 /* Cinematics */ = {
			isa = PBXGroup;
			children = (
				3B8569DF243C231700B079B9 /* Application */,
				3B8569E0243C232400B079B9 /* Common */,
				3B8569E1243C233500B079B9 /* Modules */,
				3B8569E2243C233F00B079B9 /* Resources */,
				3B8569E3243C234B00B079B9 /* SupportingFiles */,
			);
			path = Cinematics;
			sourceTree = "<group>";
		};
		3B8569DF243C231700B079B9 /* Application */ = {
			isa = PBXGroup;
			children = (
				3B8569C8243C1DDF00B079B9 /* AppDelegate.swift */,
				3B8569E6243C23A100B079B9 /* Constant.swift */,
				3B8569FE243C340200B079B9 /* PluggableApplication */,
				3B8569E8243C23C700B079B9 /* Initializers */,
			);
			path = Application;
			sourceTree = "<group>";
		};
		3B8569E0243C232400B079B9 /* Common */ = {
			isa = PBXGroup;
			children = (
				3B856A15243C587300B079B9 /* Service */,
				3B2B6C962445598E0098F00F /* Model */,
				3B8569F1243C339B00B079B9 /* VIPER */,
				3BBD314C2440542A005008B1 /* Base */,
				3BBD315E24405649005008B1 /* Protocol */,
				3BBD316C244058F9005008B1 /* CustomView */,
				3B8569EB243C241800B079B9 /* Extensions */,
				3BBD316124405690005008B1 /* Other */,
			);
			path = Common;
			sourceTree = "<group>";
		};
		3B8569E1243C233500B079B9 /* Modules */ = {
			isa = PBXGroup;
			children = (
				3BF202C724446198006666EA /* Cell */,
				3B75B9B224441DE200219CE4 /* Profile */,
				3B75B9B124441DDD00219CE4 /* TV */,
				3B75B9B024441DD700219CE4 /* Movies */,
				3B75B9AD24441DB200219CE4 /* MainTabBar */,
				3B45280C2440693A009FAC84 /* Onboard */,
			);
			path = Modules;
			sourceTree = "<group>";
		};
		3B8569E2243C233F00B079B9 /* Resources */ = {
			isa = PBXGroup;
			children = (
				3B856A11243C3A0D00B079B9 /* R.generated.swift */,
				3B8569D4243C1DE000B079B9 /* Assets.xcassets */,
				3B8569E4243C237700B079B9 /* Colors.xcassets */,
				3B8569D1243C1DDF00B079B9 /* Cinematics.xcdatamodeld */,
			);
			path = Resources;
			sourceTree = "<group>";
		};
		3B8569E3243C234B00B079B9 /* SupportingFiles */ = {
			isa = PBXGroup;
			children = (
				3B856A0B243C369B00B079B9 /* Info.plist */,
				3B45280A24406565009FAC84 /* LaunchScreen.storyboard */,
			);
			path = SupportingFiles;
			sourceTree = "<group>";
		};
		3B8569E8243C23C700B079B9 /* Initializers */ = {
			isa = PBXGroup;
			children = (
				3B8569E9243C23D600B079B9 /* Initializable.swift */,
				3B856A2A243C897700B079B9 /* CrashReporterInitializer.swift */,
				3BBD3148244052ED005008B1 /* LoggerInitializer.swift */,
			);
			path = Initializers;
			sourceTree = "<group>";
		};
		3B8569EB243C241800B079B9 /* Extensions */ = {
			isa = PBXGroup;
			children = (
				3BBD314A244053F7005008B1 /* NSObject.swift */,
				3BBD31532440556A005008B1 /* Encodable.swift */,
				3BBD3155244055AB005008B1 /* UIButton.swift */,
				3BBD3157244055D1005008B1 /* UINavigationController.swift */,
				3BBD3159244055F8005008B1 /* UIViewController.swift */,
			);
			path = Extensions;
			sourceTree = "<group>";
		};
		3B8569F1243C339B00B079B9 /* VIPER */ = {
			isa = PBXGroup;
			children = (
				3B8569F6243C33A800B079B9 /* BaseWireframe.swift */,
				3B8569F7243C33A800B079B9 /* InteractorInterface.swift */,
				3B8569F5243C33A800B079B9 /* PresenterInterface.swift */,
				3B8569F4243C33A800B079B9 /* UIStoryboardExtension.swift */,
				3B8569F3243C33A700B079B9 /* ViewInterface.swift */,
			);
			path = VIPER;
			sourceTree = "<group>";
		};
		3B8569FE243C340200B079B9 /* PluggableApplication */ = {
			isa = PBXGroup;
			children = (
				3B8569FF243C341000B079B9 /* ApplicationService.swift */,
				3B856A01243C344300B079B9 /* PluggableApplicationDelegate.swift */,
				3B856A03243C346C00B079B9 /* BootApplicationService.swift */,
				3B856A13243C3BE100B079B9 /* CoreDataService.swift */,
			);
			path = PluggableApplication;
			sourceTree = "<group>";
		};
		3B856A15243C587300B079B9 /* Service */ = {
			isa = PBXGroup;
			children = (
				3B856A25243C7C9400B079B9 /* UserDefault */,
				3B856A17243C588300B079B9 /* Database */,
				3B856A16243C587D00B079B9 /* Network */,
			);
			path = Service;
			sourceTree = "<group>";
		};
		3B856A16243C587D00B079B9 /* Network */ = {
			isa = PBXGroup;
			children = (
				3B4290AA2444C35E0075E1E3 /* Core */,
				3B856A1C243C5A9300B079B9 /* APIs */,
			);
			path = Network;
			sourceTree = "<group>";
		};
		3B856A17243C588300B079B9 /* Database */ = {
			isa = PBXGroup;
			children = (
			);
			path = Database;
			sourceTree = "<group>";
		};
		3B856A1C243C5A9300B079B9 /* APIs */ = {
			isa = PBXGroup;
			children = (
				3B2B6C9E244585340098F00F /* NetworkConfig+Ext.swift */,
				3B2B6C93244557640098F00F /* Movies */,
			);
			path = APIs;
			sourceTree = "<group>";
		};
		3B856A25243C7C9400B079B9 /* UserDefault */ = {
			isa = PBXGroup;
			children = (
				3B856A26243C806000B079B9 /* UserDefaultPropertiesWrapper.swift */,
				3B856A28243C841F00B079B9 /* UserDefaultService.swift */,
			);
			path = UserDefault;
			sourceTree = "<group>";
		};
		3BAC73BF2444A88C002C159D /* Trending */ = {
			isa = PBXGroup;
			children = (
				3BF202C8244461BA006666EA /* TrendingCell.swift */,
				3BF202C9244461BA006666EA /* TrendingCell.xib */,
			);
			path = Trending;
			sourceTree = "<group>";
		};
		3BAC73C02444A898002C159D /* TitleSplitedCell */ = {
			isa = PBXGroup;
			children = (
				3BAC73C12444A8DA002C159D /* TitleSplitedCell.swift */,
				3BAC73C22444A8DA002C159D /* TitleSplitedCell.xib */,
			);
			path = TitleSplitedCell;
			sourceTree = "<group>";
		};
		3BB9E4AC24489D5500B08047 /* Request */ = {
			isa = PBXGroup;
			children = (
				3B06DC972446DA6900F467A7 /* RequestOperation.swift */,
				3B7D2315244846CA004532F0 /* RequestManager.swift */,
			);
			path = Request;
			sourceTree = "<group>";
		};
		3BB9E4AD24489D5C00B08047 /* Download */ = {
			isa = PBXGroup;
			children = (
				3B8EAF5524485F2200D36332 /* DownloadOperator.swift */,
				3B06DC992446DBBE00F467A7 /* DownloadManager.swift */,
			);
			path = Download;
			sourceTree = "<group>";
		};
		3BB9E4AE24489D6000B08047 /* Upload */ = {
			isa = PBXGroup;
			children = (
				3B7D2317244846E1004532F0 /* UploadManager.swift */,
			);
			path = Upload;
			sourceTree = "<group>";
		};
		3BBD314C2440542A005008B1 /* Base */ = {
			isa = PBXGroup;
			children = (
				3BBD314D24405434005008B1 /* BaseCollectionViewCell.swift */,
				3BBD314F2440544D005008B1 /* BaseTableViewCell.swift */,
				3BBD315124405466005008B1 /* BaseViewController.swift */,
				3BBD316A2440585B005008B1 /* BaseUILabel.swift */,
			);
			path = Base;
			sourceTree = "<group>";
		};
		3BBD315E24405649005008B1 /* Protocol */ = {
			isa = PBXGroup;
			children = (
				3BBD315F24405658005008B1 /* NavigationBarVisible.swift */,
				3BBD3168244057DB005008B1 /* HasLoadingIndicator.swift */,
			);
			path = Protocol;
			sourceTree = "<group>";
		};
		3BBD316124405690005008B1 /* Other */ = {
			isa = PBXGroup;
			children = (
				3BBD316224405698005008B1 /* Utilities.swift */,
				3BBD3164244056D0005008B1 /* AppFont.swift */,
				3BBD31662440571D005008B1 /* BaseXibView.swift */,
			);
			path = Other;
			sourceTree = "<group>";
		};
		3BBD316C244058F9005008B1 /* CustomView */ = {
			isa = PBXGroup;
			children = (
				3BBD316F24405935005008B1 /* LoadingView.swift */,
				3B75B9E524444B3500219CE4 /* MovieListView.swift */,
				3BAC73BB2444A175002C159D /* RoundShadowView.swift */,
				3BAC73BD2444A2B7002C159D /* RoundedImageView.swift */,
			);
			path = CustomView;
			sourceTree = "<group>";
		};
		3BF202C724446198006666EA /* Cell */ = {
			isa = PBXGroup;
			children = (
				3B42909B2444ADB60075E1E3 /* RatedCell */,
				3BAC73C02444A898002C159D /* TitleSplitedCell */,
				3BAC73BF2444A88C002C159D /* Trending */,
			);
			path = Cell;
			sourceTree = "<group>";
		};
		861607BFE73D98EA0938CA49 /* Pods */ = {
			isa = PBXGroup;
			children = (
				B20649FC1F16525644AEBC16 /* Pods-Cinematics.debug.xcconfig */,
				D9BBD5D466A20FAA868B58CF /* Pods-Cinematics.release.xcconfig */,
			);
			path = Pods;
			sourceTree = "<group>";
		};
		DDA544F3B9786A70C24C8623 /* Frameworks */ = {
			isa = PBXGroup;
			children = (
				AF889E8E16CC441218401627 /* Pods_Cinematics.framework */,
			);
			name = Frameworks;
			sourceTree = "<group>";
		};
/* End PBXGroup section */

/* Begin PBXNativeTarget section */
		3B8569C4243C1DDF00B079B9 /* Cinematics */ = {
			isa = PBXNativeTarget;
			buildConfigurationList = 3B8569DC243C1DE000B079B9 /* Build configuration list for PBXNativeTarget "Cinematics" */;
			buildPhases = (
				12D454995E6338DBD65F27E4 /* [CP] Check Pods Manifest.lock */,
				3B856A10243C39B000B079B9 /* R.swift */,
				3B8569C1243C1DDF00B079B9 /* Sources */,
				3B8569C2243C1DDF00B079B9 /* Frameworks */,
				3B8569C3243C1DDF00B079B9 /* Resources */,
				2D3C3B3CF8AAC8790062B2F6 /* [CP] Embed Pods Frameworks */,
			);
			buildRules = (
			);
			dependencies = (
			);
			name = Cinematics;
			packageProductDependencies = (
				3B8569EF243C32FA00B079B9 /* Alamofire */,
				3B856A06243C34BB00B079B9 /* SwiftyBeaver */,
				3BBD314024404905005008B1 /* RxRelay */,
				3BBD314224404905005008B1 /* RxSwift */,
				3BBD314424404905005008B1 /* RxCocoa */,
				3BBD315C24405644005008B1 /* SnapKit */,
				3BF202C524445B72006666EA /* Then */,
			);
			productName = Cinematics;
			productReference = 3B8569C5243C1DDF00B079B9 /* Cinematics.app */;
			productType = "com.apple.product-type.application";
		};
/* End PBXNativeTarget section */

/* Begin PBXProject section */
		3B8569BD243C1DDF00B079B9 /* Project object */ = {
			isa = PBXProject;
			attributes = {
				LastSwiftUpdateCheck = 1140;
				LastUpgradeCheck = 1140;
				ORGANIZATIONNAME = "Nghia Nguyen";
				TargetAttributes = {
					3B8569C4243C1DDF00B079B9 = {
						CreatedOnToolsVersion = 11.4;
					};
				};
			};
			buildConfigurationList = 3B8569C0243C1DDF00B079B9 /* Build configuration list for PBXProject "Cinematics" */;
			compatibilityVersion = "Xcode 9.3";
			developmentRegion = en;
			hasScannedForEncodings = 0;
			knownRegions = (
				en,
				Base,
			);
			mainGroup = 3B8569BC243C1DDF00B079B9;
			packageReferences = (
				3B8569EE243C32FA00B079B9 /* XCRemoteSwiftPackageReference "Alamofire" */,
				3B856A05243C34BB00B079B9 /* XCRemoteSwiftPackageReference "SwiftyBeaver" */,
				3BBD313F24404905005008B1 /* XCRemoteSwiftPackageReference "RxSwift" */,
				3BBD315B24405644005008B1 /* XCRemoteSwiftPackageReference "SnapKit" */,
				3B75B9E12444230A00219CE4 /* XCRemoteSwiftPackageReference "Then" */,
			);
			productRefGroup = 3B8569C6243C1DDF00B079B9 /* Products */;
			projectDirPath = "";
			projectRoot = "";
			targets = (
				3B8569C4243C1DDF00B079B9 /* Cinematics */,
			);
		};
/* End PBXProject section */

/* Begin PBXResourcesBuildPhase section */
		3B8569C3243C1DDF00B079B9 /* Resources */ = {
			isa = PBXResourcesBuildPhase;
			buildActionMask = 2147483647;
			files = (
				3B75B9C524441E0700219CE4 /* TV.storyboard in Resources */,
				3BAC73C42444A8DA002C159D /* TitleSplitedCell.xib in Resources */,
				3B8569E5243C237700B079B9 /* Colors.xcassets in Resources */,
				3B45280B24406565009FAC84 /* LaunchScreen.storyboard in Resources */,
				3B45281424406960009FAC84 /* Onboard.storyboard in Resources */,
				3BF202CB244461BA006666EA /* TrendingCell.xib in Resources */,
				3B42909F2444ADCB0075E1E3 /* RatedCell.xib in Resources */,
				3B8569D5243C1DE000B079B9 /* Assets.xcassets in Resources */,
				3B75B9D124441E1100219CE4 /* Profile.storyboard in Resources */,
				3B75B9B924441DFA00219CE4 /* Movies.storyboard in Resources */,
			);
			runOnlyForDeploymentPostprocessing = 0;
		};
/* End PBXResourcesBuildPhase section */

/* Begin PBXShellScriptBuildPhase section */
		12D454995E6338DBD65F27E4 /* [CP] Check Pods Manifest.lock */ = {
			isa = PBXShellScriptBuildPhase;
			buildActionMask = 2147483647;
			files = (
			);
			inputFileListPaths = (
			);
			inputPaths = (
				"${PODS_PODFILE_DIR_PATH}/Podfile.lock",
				"${PODS_ROOT}/Manifest.lock",
			);
			name = "[CP] Check Pods Manifest.lock";
			outputFileListPaths = (
			);
			outputPaths = (
				"$(DERIVED_FILE_DIR)/Pods-Cinematics-checkManifestLockResult.txt",
			);
			runOnlyForDeploymentPostprocessing = 0;
			shellPath = /bin/sh;
			shellScript = "diff \"${PODS_PODFILE_DIR_PATH}/Podfile.lock\" \"${PODS_ROOT}/Manifest.lock\" > /dev/null\nif [ $? != 0 ] ; then\n    # print error to STDERR\n    echo \"error: The sandbox is not in sync with the Podfile.lock. Run 'pod install' or update your CocoaPods installation.\" >&2\n    exit 1\nfi\n# This output is used by Xcode 'outputs' to avoid re-running this script phase.\necho \"SUCCESS\" > \"${SCRIPT_OUTPUT_FILE_0}\"\n";
			showEnvVarsInLog = 0;
		};
		2D3C3B3CF8AAC8790062B2F6 /* [CP] Embed Pods Frameworks */ = {
			isa = PBXShellScriptBuildPhase;
			buildActionMask = 2147483647;
			files = (
			);
			inputFileListPaths = (
				"${PODS_ROOT}/Target Support Files/Pods-Cinematics/Pods-Cinematics-frameworks-${CONFIGURATION}-input-files.xcfilelist",
			);
			name = "[CP] Embed Pods Frameworks";
			outputFileListPaths = (
				"${PODS_ROOT}/Target Support Files/Pods-Cinematics/Pods-Cinematics-frameworks-${CONFIGURATION}-output-files.xcfilelist",
			);
			runOnlyForDeploymentPostprocessing = 0;
			shellPath = /bin/sh;
			shellScript = "\"${PODS_ROOT}/Target Support Files/Pods-Cinematics/Pods-Cinematics-frameworks.sh\"\n";
			showEnvVarsInLog = 0;
		};
		3B856A10243C39B000B079B9 /* R.swift */ = {
			isa = PBXShellScriptBuildPhase;
			buildActionMask = 2147483647;
			files = (
			);
			inputFileListPaths = (
			);
			inputPaths = (
				"$TEMP_DIR/rswift-lastrun",
			);
			name = R.swift;
			outputFileListPaths = (
			);
			outputPaths = (
				$SRCROOT/R.generated.swift,
			);
			runOnlyForDeploymentPostprocessing = 0;
			shellPath = /bin/sh;
			shellScript = "\"$PODS_ROOT/R.swift/rswift\" generate \"$SRCROOT/R.generated.swift\"\n";
		};
/* End PBXShellScriptBuildPhase section */

/* Begin PBXSourcesBuildPhase section */
		3B8569C1243C1DDF00B079B9 /* Sources */ = {
			isa = PBXSourcesBuildPhase;
			buildActionMask = 2147483647;
			files = (
				3BBD316024405658005008B1 /* NavigationBarVisible.swift in Sources */,
				3BF202CD24446A60006666EA /* AuthenticationAdapter.swift in Sources */,
				3B45281924406960009FAC84 /* OnboardInteractor.swift in Sources */,
				3B2B6CA12445904B0098F00F /* NetworkConfig.swift in Sources */,
				3BF202CA244461BA006666EA /* TrendingCell.swift in Sources */,
				3B856A2B243C897700B079B9 /* CrashReporterInitializer.swift in Sources */,
				3BBD316B2440585B005008B1 /* BaseUILabel.swift in Sources */,
				3B856A1E243C5ADE00B079B9 /* Network.swift in Sources */,
				3B4290A52444BB060075E1E3 /* NetworkError.swift in Sources */,
				3B45281624406960009FAC84 /* OnboardPresenter.swift in Sources */,
				3B45281724406960009FAC84 /* OnboardViewController.swift in Sources */,
				3B75B9E024441FE600219CE4 /* MainTabBarWireframe.swift in Sources */,
				3B75B9D224441E1100219CE4 /* ProfileInterfaces.swift in Sources */,
				3B75B9DF24441FE600219CE4 /* MainTabBarInteractor.swift in Sources */,
				3B856A02243C344400B079B9 /* PluggableApplicationDelegate.swift in Sources */,
				3B2B6C95244557720098F00F /* MoviesService.swift in Sources */,
				3BAC73BC2444A175002C159D /* RoundShadowView.swift in Sources */,
				3B45281524406960009FAC84 /* OnboardInterfaces.swift in Sources */,
				3B8569FD243C33A800B079B9 /* InteractorInterface.swift in Sources */,
				3B2B6C9A244565740098F00F /* NetworkLogger.swift in Sources */,
				3B4290A12444B90D0075E1E3 /* Task.swift in Sources */,
				3B75B9D324441E1100219CE4 /* ProfilePresenter.swift in Sources */,
				3B75B9CA24441E0700219CE4 /* TVWireframe.swift in Sources */,
				3B06DC932446D9CE00F467A7 /* Data+Ext.swift in Sources */,
				3BBD31502440544D005008B1 /* BaseTableViewCell.swift in Sources */,
				3B856A19243C590C00B079B9 /* TargetType.swift in Sources */,
				3B856A12243C3A0D00B079B9 /* R.generated.swift in Sources */,
				3BBD3149244052ED005008B1 /* LoggerInitializer.swift in Sources */,
				3B75B9C624441E0700219CE4 /* TVInterfaces.swift in Sources */,
				3B856A1B243C5A5900B079B9 /* ValidationType.swift in Sources */,
				3BBD3158244055D1005008B1 /* UINavigationController.swift in Sources */,
				3B45281A24406960009FAC84 /* OnboardWireframe.swift in Sources */,
				3BBD317124405935005008B1 /* LoadingView.swift in Sources */,
				3B75B9BB24441DFA00219CE4 /* MoviesPresenter.swift in Sources */,
				3B06DC962446DA5100F467A7 /* ConcurrentOperation.swift in Sources */,
				3BBD3156244055AB005008B1 /* UIButton.swift in Sources */,
				3B856A14243C3BE100B079B9 /* CoreDataService.swift in Sources */,
				3BBD315A244055F8005008B1 /* UIViewController.swift in Sources */,
				3B75B9DD24441FE600219CE4 /* MainTabBarPresenter.swift in Sources */,
				3B75B9BC24441DFA00219CE4 /* MoviesViewController.swift in Sources */,
				3BBD314E24405434005008B1 /* BaseCollectionViewCell.swift in Sources */,
				3B75B9C724441E0700219CE4 /* TVPresenter.swift in Sources */,
				3BBD3169244057DB005008B1 /* HasLoadingIndicator.swift in Sources */,
				3B75B9C924441E0700219CE4 /* TVInteractor.swift in Sources */,
				3B06DC982446DA6900F467A7 /* RequestOperation.swift in Sources */,
				3BAC73BE2444A2B7002C159D /* RoundedImageView.swift in Sources */,
				3B856A27243C806000B079B9 /* UserDefaultPropertiesWrapper.swift in Sources */,
				3B4290A72444BBA10075E1E3 /* Response.swift in Sources */,
				3B8569FC243C33A800B079B9 /* BaseWireframe.swift in Sources */,
				3B8569C9243C1DDF00B079B9 /* AppDelegate.swift in Sources */,
				3BBD3165244056D0005008B1 /* AppFont.swift in Sources */,
				3B7D2316244846CA004532F0 /* RequestManager.swift in Sources */,
				3B856A00243C341000B079B9 /* ApplicationService.swift in Sources */,
				3B2B6C9C244567A60098F00F /* AlamofirePackage.swift in Sources */,
				3B856A29243C841F00B079B9 /* UserDefaultService.swift in Sources */,
				3B8569FA243C33A800B079B9 /* UIStoryboardExtension.swift in Sources */,
				3B4290A92444BDC10075E1E3 /* Endpoint.swift in Sources */,
				3BBD316324405698005008B1 /* Utilities.swift in Sources */,
				3BBD31542440556A005008B1 /* Encodable.swift in Sources */,
				3B75B9D424441E1100219CE4 /* ProfileViewController.swift in Sources */,
				3B7D231124483F48004532F0 /* Cancellable.swift in Sources */,
				3B8569D3243C1DDF00B079B9 /* Cinematics.xcdatamodeld in Sources */,
				3BAC73C32444A8DA002C159D /* TitleSplitedCell.swift in Sources */,
				3B75B9BE24441DFA00219CE4 /* MoviesWireframe.swift in Sources */,
				3B8569E7243C23A100B079B9 /* Constant.swift in Sources */,
				3B8569F9243C33A800B079B9 /* ViewInterface.swift in Sources */,
				3B06DC912446D9B800F467A7 /* URLRequest+Ext.swift in Sources */,
				3BBD31672440571D005008B1 /* BaseXibView.swift in Sources */,
				3B75B9D624441E1100219CE4 /* ProfileWireframe.swift in Sources */,
				3B75B9D524441E1100219CE4 /* ProfileInteractor.swift in Sources */,
				3B75B9BA24441DFA00219CE4 /* MoviesInterfaces.swift in Sources */,
				3B856A20243C5B5F00B079B9 /* MoviesTarget.swift in Sources */,
				3B06DC8F2446D9A300F467A7 /* AnyEncodable.swift in Sources */,
				3B7D2314244846AE004532F0 /* BaseOperationManager.swift in Sources */,
				3BBD314B244053F7005008B1 /* NSObject.swift in Sources */,
				3B2B6C98244559E10098F00F /* Trending.swift in Sources */,
				3B8569EA243C23D600B079B9 /* Initializable.swift in Sources */,
				3B8EAF5624485F2200D36332 /* DownloadOperator.swift in Sources */,
				3B7D2318244846E1004532F0 /* UploadManager.swift in Sources */,
				3B75B9DC24441FE600219CE4 /* MainTabBarInterfaces.swift in Sources */,
				3B75B9BD24441DFA00219CE4 /* MoviesInteractor.swift in Sources */,
				3B06DC9A2446DBBE00F467A7 /* DownloadManager.swift in Sources */,
				3B856A04243C346C00B079B9 /* BootApplicationService.swift in Sources */,
				3B8569FB243C33A800B079B9 /* PresenterInterface.swift in Sources */,
				3B2B6C9F244585340098F00F /* NetworkConfig+Ext.swift in Sources */,
				3B75B9C824441E0700219CE4 /* TVViewController.swift in Sources */,
				3B42909E2444ADCB0075E1E3 /* RatedCell.swift in Sources */,
				3B75B9E624444B3500219CE4 /* MovieListView.swift in Sources */,
				3BBD315224405466005008B1 /* BaseViewController.swift in Sources */,
				3B75B9DE24441FE600219CE4 /* MainTabBarViewController.swift in Sources */,
			);
			runOnlyForDeploymentPostprocessing = 0;
		};
/* End PBXSourcesBuildPhase section */

/* Begin XCBuildConfiguration section */
		3B8569DA243C1DE000B079B9 /* Debug */ = {
			isa = XCBuildConfiguration;
			buildSettings = {
				ALWAYS_SEARCH_USER_PATHS = NO;
				CLANG_ANALYZER_NONNULL = YES;
				CLANG_ANALYZER_NUMBER_OBJECT_CONVERSION = YES_AGGRESSIVE;
				CLANG_CXX_LANGUAGE_STANDARD = "gnu++14";
				CLANG_CXX_LIBRARY = "libc++";
				CLANG_ENABLE_MODULES = YES;
				CLANG_ENABLE_OBJC_ARC = YES;
				CLANG_ENABLE_OBJC_WEAK = YES;
				CLANG_WARN_BLOCK_CAPTURE_AUTORELEASING = YES;
				CLANG_WARN_BOOL_CONVERSION = YES;
				CLANG_WARN_COMMA = YES;
				CLANG_WARN_CONSTANT_CONVERSION = YES;
				CLANG_WARN_DEPRECATED_OBJC_IMPLEMENTATIONS = YES;
				CLANG_WARN_DIRECT_OBJC_ISA_USAGE = YES_ERROR;
				CLANG_WARN_DOCUMENTATION_COMMENTS = YES;
				CLANG_WARN_EMPTY_BODY = YES;
				CLANG_WARN_ENUM_CONVERSION = YES;
				CLANG_WARN_INFINITE_RECURSION = YES;
				CLANG_WARN_INT_CONVERSION = YES;
				CLANG_WARN_NON_LITERAL_NULL_CONVERSION = YES;
				CLANG_WARN_OBJC_IMPLICIT_RETAIN_SELF = YES;
				CLANG_WARN_OBJC_LITERAL_CONVERSION = YES;
				CLANG_WARN_OBJC_ROOT_CLASS = YES_ERROR;
				CLANG_WARN_RANGE_LOOP_ANALYSIS = YES;
				CLANG_WARN_STRICT_PROTOTYPES = YES;
				CLANG_WARN_SUSPICIOUS_MOVE = YES;
				CLANG_WARN_UNGUARDED_AVAILABILITY = YES_AGGRESSIVE;
				CLANG_WARN_UNREACHABLE_CODE = YES;
				CLANG_WARN__DUPLICATE_METHOD_MATCH = YES;
				COPY_PHASE_STRIP = NO;
				DEBUG_INFORMATION_FORMAT = dwarf;
				ENABLE_STRICT_OBJC_MSGSEND = YES;
				ENABLE_TESTABILITY = YES;
				GCC_C_LANGUAGE_STANDARD = gnu11;
				GCC_DYNAMIC_NO_PIC = NO;
				GCC_NO_COMMON_BLOCKS = YES;
				GCC_OPTIMIZATION_LEVEL = 0;
				GCC_PREPROCESSOR_DEFINITIONS = (
					"DEBUG=1",
					"$(inherited)",
				);
				GCC_WARN_64_TO_32_BIT_CONVERSION = YES;
				GCC_WARN_ABOUT_RETURN_TYPE = YES_ERROR;
				GCC_WARN_UNDECLARED_SELECTOR = YES;
				GCC_WARN_UNINITIALIZED_AUTOS = YES_AGGRESSIVE;
				GCC_WARN_UNUSED_FUNCTION = YES;
				GCC_WARN_UNUSED_VARIABLE = YES;
				IPHONEOS_DEPLOYMENT_TARGET = 13.4;
				MTL_ENABLE_DEBUG_INFO = INCLUDE_SOURCE;
				MTL_FAST_MATH = YES;
				ONLY_ACTIVE_ARCH = YES;
				SDKROOT = iphoneos;
				SWIFT_ACTIVE_COMPILATION_CONDITIONS = DEBUG;
				SWIFT_OPTIMIZATION_LEVEL = "-Onone";
			};
			name = Debug;
		};
		3B8569DB243C1DE000B079B9 /* Release */ = {
			isa = XCBuildConfiguration;
			buildSettings = {
				ALWAYS_SEARCH_USER_PATHS = NO;
				CLANG_ANALYZER_NONNULL = YES;
				CLANG_ANALYZER_NUMBER_OBJECT_CONVERSION = YES_AGGRESSIVE;
				CLANG_CXX_LANGUAGE_STANDARD = "gnu++14";
				CLANG_CXX_LIBRARY = "libc++";
				CLANG_ENABLE_MODULES = YES;
				CLANG_ENABLE_OBJC_ARC = YES;
				CLANG_ENABLE_OBJC_WEAK = YES;
				CLANG_WARN_BLOCK_CAPTURE_AUTORELEASING = YES;
				CLANG_WARN_BOOL_CONVERSION = YES;
				CLANG_WARN_COMMA = YES;
				CLANG_WARN_CONSTANT_CONVERSION = YES;
				CLANG_WARN_DEPRECATED_OBJC_IMPLEMENTATIONS = YES;
				CLANG_WARN_DIRECT_OBJC_ISA_USAGE = YES_ERROR;
				CLANG_WARN_DOCUMENTATION_COMMENTS = YES;
				CLANG_WARN_EMPTY_BODY = YES;
				CLANG_WARN_ENUM_CONVERSION = YES;
				CLANG_WARN_INFINITE_RECURSION = YES;
				CLANG_WARN_INT_CONVERSION = YES;
				CLANG_WARN_NON_LITERAL_NULL_CONVERSION = YES;
				CLANG_WARN_OBJC_IMPLICIT_RETAIN_SELF = YES;
				CLANG_WARN_OBJC_LITERAL_CONVERSION = YES;
				CLANG_WARN_OBJC_ROOT_CLASS = YES_ERROR;
				CLANG_WARN_RANGE_LOOP_ANALYSIS = YES;
				CLANG_WARN_STRICT_PROTOTYPES = YES;
				CLANG_WARN_SUSPICIOUS_MOVE = YES;
				CLANG_WARN_UNGUARDED_AVAILABILITY = YES_AGGRESSIVE;
				CLANG_WARN_UNREACHABLE_CODE = YES;
				CLANG_WARN__DUPLICATE_METHOD_MATCH = YES;
				COPY_PHASE_STRIP = NO;
				DEBUG_INFORMATION_FORMAT = "dwarf-with-dsym";
				ENABLE_NS_ASSERTIONS = NO;
				ENABLE_STRICT_OBJC_MSGSEND = YES;
				GCC_C_LANGUAGE_STANDARD = gnu11;
				GCC_NO_COMMON_BLOCKS = YES;
				GCC_WARN_64_TO_32_BIT_CONVERSION = YES;
				GCC_WARN_ABOUT_RETURN_TYPE = YES_ERROR;
				GCC_WARN_UNDECLARED_SELECTOR = YES;
				GCC_WARN_UNINITIALIZED_AUTOS = YES_AGGRESSIVE;
				GCC_WARN_UNUSED_FUNCTION = YES;
				GCC_WARN_UNUSED_VARIABLE = YES;
				IPHONEOS_DEPLOYMENT_TARGET = 13.4;
				MTL_ENABLE_DEBUG_INFO = NO;
				MTL_FAST_MATH = YES;
				SDKROOT = iphoneos;
				SWIFT_COMPILATION_MODE = wholemodule;
				SWIFT_OPTIMIZATION_LEVEL = "-O";
				VALIDATE_PRODUCT = YES;
			};
			name = Release;
		};
		3B8569DD243C1DE000B079B9 /* Debug */ = {
			isa = XCBuildConfiguration;
			baseConfigurationReference = B20649FC1F16525644AEBC16 /* Pods-Cinematics.debug.xcconfig */;
			buildSettings = {
				ASSETCATALOG_COMPILER_APPICON_NAME = AppIcon;
				CODE_SIGN_STYLE = Automatic;
				DEVELOPMENT_TEAM = KY6PD94UM5;
				INFOPLIST_FILE = Cinematics/SupportingFiles/Info.plist;
				LD_RUNPATH_SEARCH_PATHS = (
					"$(inherited)",
					"@executable_path/Frameworks",
				);
				PRODUCT_BUNDLE_IDENTIFIER = me.nghianguyen.Cinematics;
				PRODUCT_NAME = "$(TARGET_NAME)";
				SWIFT_VERSION = 5.0;
				TARGETED_DEVICE_FAMILY = "1,2";
			};
			name = Debug;
		};
		3B8569DE243C1DE000B079B9 /* Release */ = {
			isa = XCBuildConfiguration;
			baseConfigurationReference = D9BBD5D466A20FAA868B58CF /* Pods-Cinematics.release.xcconfig */;
			buildSettings = {
				ASSETCATALOG_COMPILER_APPICON_NAME = AppIcon;
				CODE_SIGN_STYLE = Automatic;
				DEVELOPMENT_TEAM = KY6PD94UM5;
				INFOPLIST_FILE = Cinematics/SupportingFiles/Info.plist;
				LD_RUNPATH_SEARCH_PATHS = (
					"$(inherited)",
					"@executable_path/Frameworks",
				);
				PRODUCT_BUNDLE_IDENTIFIER = me.nghianguyen.Cinematics;
				PRODUCT_NAME = "$(TARGET_NAME)";
				SWIFT_VERSION = 5.0;
				TARGETED_DEVICE_FAMILY = "1,2";
			};
			name = Release;
		};
/* End XCBuildConfiguration section */

/* Begin XCConfigurationList section */
		3B8569C0243C1DDF00B079B9 /* Build configuration list for PBXProject "Cinematics" */ = {
			isa = XCConfigurationList;
			buildConfigurations = (
				3B8569DA243C1DE000B079B9 /* Debug */,
				3B8569DB243C1DE000B079B9 /* Release */,
			);
			defaultConfigurationIsVisible = 0;
			defaultConfigurationName = Release;
		};
		3B8569DC243C1DE000B079B9 /* Build configuration list for PBXNativeTarget "Cinematics" */ = {
			isa = XCConfigurationList;
			buildConfigurations = (
				3B8569DD243C1DE000B079B9 /* Debug */,
				3B8569DE243C1DE000B079B9 /* Release */,
			);
			defaultConfigurationIsVisible = 0;
			defaultConfigurationName = Release;
		};
/* End XCConfigurationList section */

/* Begin XCRemoteSwiftPackageReference section */
		3B75B9E12444230A00219CE4 /* XCRemoteSwiftPackageReference "Then" */ = {
			isa = XCRemoteSwiftPackageReference;
			repositoryURL = "https://github.com/devxoul/Then";
			requirement = {
				kind = upToNextMajorVersion;
				minimumVersion = 2.6.0;
			};
		};
		3B8569EE243C32FA00B079B9 /* XCRemoteSwiftPackageReference "Alamofire" */ = {
			isa = XCRemoteSwiftPackageReference;
			repositoryURL = "https://github.com/Alamofire/Alamofire";
			requirement = {
				kind = upToNextMajorVersion;
				minimumVersion = 5.1.0;
			};
		};
		3B856A05243C34BB00B079B9 /* XCRemoteSwiftPackageReference "SwiftyBeaver" */ = {
			isa = XCRemoteSwiftPackageReference;
			repositoryURL = "https://github.com/SwiftyBeaver/SwiftyBeaver";
			requirement = {
				kind = upToNextMajorVersion;
				minimumVersion = 1.9.0;
			};
		};
		3BBD313F24404905005008B1 /* XCRemoteSwiftPackageReference "RxSwift" */ = {
			isa = XCRemoteSwiftPackageReference;
			repositoryURL = "https://github.com/ReactiveX/RxSwift";
			requirement = {
				kind = upToNextMajorVersion;
				minimumVersion = 5.1.1;
			};
		};
		3BBD315B24405644005008B1 /* XCRemoteSwiftPackageReference "SnapKit" */ = {
			isa = XCRemoteSwiftPackageReference;
			repositoryURL = "https://github.com/SnapKit/SnapKit";
			requirement = {
				kind = upToNextMajorVersion;
				minimumVersion = 5.0.1;
			};
		};
/* End XCRemoteSwiftPackageReference section */

/* Begin XCSwiftPackageProductDependency section */
		3B8569EF243C32FA00B079B9 /* Alamofire */ = {
			isa = XCSwiftPackageProductDependency;
			package = 3B8569EE243C32FA00B079B9 /* XCRemoteSwiftPackageReference "Alamofire" */;
			productName = Alamofire;
		};
		3B856A06243C34BB00B079B9 /* SwiftyBeaver */ = {
			isa = XCSwiftPackageProductDependency;
			package = 3B856A05243C34BB00B079B9 /* XCRemoteSwiftPackageReference "SwiftyBeaver" */;
			productName = SwiftyBeaver;
		};
		3BBD314024404905005008B1 /* RxRelay */ = {
			isa = XCSwiftPackageProductDependency;
			package = 3BBD313F24404905005008B1 /* XCRemoteSwiftPackageReference "RxSwift" */;
			productName = RxRelay;
		};
		3BBD314224404905005008B1 /* RxSwift */ = {
			isa = XCSwiftPackageProductDependency;
			package = 3BBD313F24404905005008B1 /* XCRemoteSwiftPackageReference "RxSwift" */;
			productName = RxSwift;
		};
		3BBD314424404905005008B1 /* RxCocoa */ = {
			isa = XCSwiftPackageProductDependency;
			package = 3BBD313F24404905005008B1 /* XCRemoteSwiftPackageReference "RxSwift" */;
			productName = RxCocoa;
		};
		3BBD315C24405644005008B1 /* SnapKit */ = {
			isa = XCSwiftPackageProductDependency;
			package = 3BBD315B24405644005008B1 /* XCRemoteSwiftPackageReference "SnapKit" */;
			productName = SnapKit;
		};
		3BF202C524445B72006666EA /* Then */ = {
			isa = XCSwiftPackageProductDependency;
			package = 3B75B9E12444230A00219CE4 /* XCRemoteSwiftPackageReference "Then" */;
			productName = Then;
		};
/* End XCSwiftPackageProductDependency section */

/* Begin XCVersionGroup section */
		3B8569D1243C1DDF00B079B9 /* Cinematics.xcdatamodeld */ = {
			isa = XCVersionGroup;
			children = (
				3B8569D2243C1DDF00B079B9 /* Cinematics.xcdatamodel */,
			);
			currentVersion = 3B8569D2243C1DDF00B079B9 /* Cinematics.xcdatamodel */;
			path = Cinematics.xcdatamodeld;
			sourceTree = "<group>";
			versionGroupType = wrapper.xcdatamodel;
		};
/* End XCVersionGroup section */
	};
	rootObject = 3B8569BD243C1DDF00B079B9 /* Project object */;
}
